
Microsoft Visual Studio Solution File, Format Version 12.00
# Visual Studio Version 17
VisualStudioVersion = 17.0.31903.59
MinimumVisualStudioVersion = 10.0.40219.1
Project("{2150E333-8FDC-42A3-9474-1A3956D46DE8}") = "src", "src", "{01FEC711-9F75-4D0C-8675-19927808A35D}"
EndProject
Project("{FAE04EC0-301F-11D3-BF4B-00C04F79EFBC}") = "HorseRacingPrediction.Api", "src\HorseRacingPrediction.Api\HorseRacingPrediction.Api.csproj", "{1CADF828-8F70-4A57-9573-D8AFD4082FD3}"
EndProject
Project("{FAE04EC0-301F-11D3-BF4B-00C04F79EFBC}") = "HorseRacingPrediction.Domain", "src\HorseRacingPrediction.Domain\HorseRacingPrediction.Domain.csproj", "{5FE5A56E-B782-460D-B6D7-CA893ACFD4CF}"
EndProject
Project("{FAE04EC0-301F-11D3-BF4B-00C04F79EFBC}") = "HorseRacingPrediction.Infrastructure", "src\HorseRacingPrediction.Infrastructure\HorseRacingPrediction.Infrastructure.csproj", "{B1B81646-57B4-41CE-A63E-25321096FA31}"
EndProject
Project("{2150E333-8FDC-42A3-9474-1A3956D46DE8}") = "tests", "tests", "{468426AC-176E-4D83-8FF4-971D5324FBD8}"
EndProject
Project("{FAE04EC0-301F-11D3-BF4B-00C04F79EFBC}") = "HorseRacingPrediction.Domain.Tests", "tests\HorseRacingPrediction.Domain.Tests\HorseRacingPrediction.Domain.Tests.csproj", "{31391F2A-FE1A-4A08-9E87-6B56E2927C18}"
EndProject
Project("{FAE04EC0-301F-11D3-BF4B-00C04F79EFBC}") = "HorseRacingPrediction.Application.Tests", "tests\HorseRacingPrediction.Application.Tests\HorseRacingPrediction.Application.Tests.csproj", "{1357F8DA-10B3-4925-BEBF-1ABE239C951A}"
EndProject
Project("{FAE04EC0-301F-11D3-BF4B-00C04F79EFBC}") = "HorseRacingPrediction.Infrastructure.Tests", "tests\HorseRacingPrediction.Infrastructure.Tests\HorseRacingPrediction.Infrastructure.Tests.csproj", "{4F2D5D81-A538-4CE5-AC0A-4289247B231C}"
EndProject
Project("{FAE04EC0-301F-11D3-BF4B-00C04F79EFBC}") = "HorseRacingPrediction.Api.Tests", "tests\HorseRacingPrediction.Api.Tests\HorseRacingPrediction.Api.Tests.csproj", "{BEB3A4CC-99BA-4CE5-B945-3A5B57962022}"
EndProject
Project("{FAE04EC0-301F-11D3-BF4B-00C04F79EFBC}") = "HorseRacingPrediction.Application", "src\HorseRacingPrediction.Application\HorseRacingPrediction.Application.csproj", "{AD6E3049-7D57-4734-BD8F-C69132F959CC}"
EndProject
Project("{FAE04EC0-301F-11D3-BF4B-00C04F79EFBC}") = "HorseRacingPrediction.Agents", "src\HorseRacingPrediction.Agents\HorseRacingPrediction.Agents.csproj", "{D3A3D784-2EAD-4211-BE44-17BD7DC384C2}"
EndProject
Project("{FAE04EC0-301F-11D3-BF4B-00C04F79EFBC}") = "HorseRacingPrediction.Agents.Tests", "tests\HorseRacingPrediction.Agents.Tests\HorseRacingPrediction.Agents.Tests.csproj", "{EA73CB0A-EF49-41DF-A13C-C4C2D4C2EB83}"
EndProject
Project("{FAE04EC0-301F-11D3-BF4B-00C04F79EFBC}") = "HorseRacingPrediction.DevHost", "src\HorseRacingPrediction.DevHost\HorseRacingPrediction.DevHost.csproj", "{86741636-5BE3-4E1A-AE29-6CA85BD78AF5}"
EndProject
Project("{FAE04EC0-301F-11D3-BF4B-00C04F79EFBC}") = "HorseRacingPrediction.WebBrowserAgentVerifier", "src\HorseRacingPrediction.WebBrowserAgentVerifier\HorseRacingPrediction.WebBrowserAgentVerifier.csproj", "{27AA52E4-DCA9-46C6-BE32-EBA2619D73E7}"
EndProject
Project("{FAE04EC0-301F-11D3-BF4B-00C04F79EFBC}") = "HorseRacingPrediction.MachineLearning", "src\HorseRacingPrediction.MachineLearning\HorseRacingPrediction.MachineLearning.csproj", "{0B1BEF19-A20D-4D89-A207-716C59228603}"
EndProject
Project("{FAE04EC0-301F-11D3-BF4B-00C04F79EFBC}") = "HorseRacingPrediction.MachineLearning.Tests", "tests\HorseRacingPrediction.MachineLearning.Tests\HorseRacingPrediction.MachineLearning.Tests.csproj", "{EFE01332-7B07-4169-8FB7-70C3B948B934}"
EndProject
Global
	GlobalSection(SolutionConfigurationPlatforms) = preSolution
		Debug|Any CPU = Debug|Any CPU
		Debug|x64 = Debug|x64
		Debug|x86 = Debug|x86
		Release|Any CPU = Release|Any CPU
		Release|x64 = Release|x64
		Release|x86 = Release|x86
	EndGlobalSection
	GlobalSection(ProjectConfigurationPlatforms) = postSolution
		{1CADF828-8F70-4A57-9573-D8AFD4082FD3}.Debug|Any CPU.ActiveCfg = Debug|Any CPU
		{1CADF828-8F70-4A57-9573-D8AFD4082FD3}.Debug|Any CPU.Build.0 = Debug|Any CPU
		{1CADF828-8F70-4A57-9573-D8AFD4082FD3}.Debug|x64.ActiveCfg = Debug|Any CPU
		{1CADF828-8F70-4A57-9573-D8AFD4082FD3}.Debug|x64.Build.0 = Debug|Any CPU
		{1CADF828-8F70-4A57-9573-D8AFD4082FD3}.Debug|x86.ActiveCfg = Debug|Any CPU
		{1CADF828-8F70-4A57-9573-D8AFD4082FD3}.Debug|x86.Build.0 = Debug|Any CPU
		{1CADF828-8F70-4A57-9573-D8AFD4082FD3}.Release|Any CPU.ActiveCfg = Release|Any CPU
		{1CADF828-8F70-4A57-9573-D8AFD4082FD3}.Release|Any CPU.Build.0 = Release|Any CPU
		{1CADF828-8F70-4A57-9573-D8AFD4082FD3}.Release|x64.ActiveCfg = Release|Any CPU
		{1CADF828-8F70-4A57-9573-D8AFD4082FD3}.Release|x64.Build.0 = Release|Any CPU
		{1CADF828-8F70-4A57-9573-D8AFD4082FD3}.Release|x86.ActiveCfg = Release|Any CPU
		{1CADF828-8F70-4A57-9573-D8AFD4082FD3}.Release|x86.Build.0 = Release|Any CPU
		{5FE5A56E-B782-460D-B6D7-CA893ACFD4CF}.Debug|Any CPU.ActiveCfg = Debug|Any CPU
		{5FE5A56E-B782-460D-B6D7-CA893ACFD4CF}.Debug|Any CPU.Build.0 = Debug|Any CPU
		{5FE5A56E-B782-460D-B6D7-CA893ACFD4CF}.Debug|x64.ActiveCfg = Debug|Any CPU
		{5FE5A56E-B782-460D-B6D7-CA893ACFD4CF}.Debug|x64.Build.0 = Debug|Any CPU
		{5FE5A56E-B782-460D-B6D7-CA893ACFD4CF}.Debug|x86.ActiveCfg = Debug|Any CPU
		{5FE5A56E-B782-460D-B6D7-CA893ACFD4CF}.Debug|x86.Build.0 = Debug|Any CPU
		{5FE5A56E-B782-460D-B6D7-CA893ACFD4CF}.Release|Any CPU.ActiveCfg = Release|Any CPU
		{5FE5A56E-B782-460D-B6D7-CA893ACFD4CF}.Release|Any CPU.Build.0 = Release|Any CPU
		{5FE5A56E-B782-460D-B6D7-CA893ACFD4CF}.Release|x64.ActiveCfg = Release|Any CPU
		{5FE5A56E-B782-460D-B6D7-CA893ACFD4CF}.Release|x64.Build.0 = Release|Any CPU
		{5FE5A56E-B782-460D-B6D7-CA893ACFD4CF}.Release|x86.ActiveCfg = Release|Any CPU
		{5FE5A56E-B782-460D-B6D7-CA893ACFD4CF}.Release|x86.Build.0 = Release|Any CPU
		{B1B81646-57B4-41CE-A63E-25321096FA31}.Debug|Any CPU.ActiveCfg = Debug|Any CPU
		{B1B81646-57B4-41CE-A63E-25321096FA31}.Debug|Any CPU.Build.0 = Debug|Any CPU
		{B1B81646-57B4-41CE-A63E-25321096FA31}.Debug|x64.ActiveCfg = Debug|Any CPU
		{B1B81646-57B4-41CE-A63E-25321096FA31}.Debug|x64.Build.0 = Debug|Any CPU
		{B1B81646-57B4-41CE-A63E-25321096FA31}.Debug|x86.ActiveCfg = Debug|Any CPU
		{B1B81646-57B4-41CE-A63E-25321096FA31}.Debug|x86.Build.0 = Debug|Any CPU
		{B1B81646-57B4-41CE-A63E-25321096FA31}.Release|Any CPU.ActiveCfg = Release|Any CPU
		{B1B81646-57B4-41CE-A63E-25321096FA31}.Release|Any CPU.Build.0 = Release|Any CPU
		{B1B81646-57B4-41CE-A63E-25321096FA31}.Release|x64.ActiveCfg = Release|Any CPU
		{B1B81646-57B4-41CE-A63E-25321096FA31}.Release|x64.Build.0 = Release|Any CPU
		{B1B81646-57B4-41CE-A63E-25321096FA31}.Release|x86.ActiveCfg = Release|Any CPU
		{B1B81646-57B4-41CE-A63E-25321096FA31}.Release|x86.Build.0 = Release|Any CPU
		{31391F2A-FE1A-4A08-9E87-6B56E2927C18}.Debug|Any CPU.ActiveCfg = Debug|Any CPU
		{31391F2A-FE1A-4A08-9E87-6B56E2927C18}.Debug|Any CPU.Build.0 = Debug|Any CPU
		{31391F2A-FE1A-4A08-9E87-6B56E2927C18}.Debug|x64.ActiveCfg = Debug|Any CPU
		{31391F2A-FE1A-4A08-9E87-6B56E2927C18}.Debug|x64.Build.0 = Debug|Any CPU
		{31391F2A-FE1A-4A08-9E87-6B56E2927C18}.Debug|x86.ActiveCfg = Debug|Any CPU
		{31391F2A-FE1A-4A08-9E87-6B56E2927C18}.Debug|x86.Build.0 = Debug|Any CPU
		{31391F2A-FE1A-4A08-9E87-6B56E2927C18}.Release|Any CPU.ActiveCfg = Release|Any CPU
		{31391F2A-FE1A-4A08-9E87-6B56E2927C18}.Release|Any CPU.Build.0 = Release|Any CPU
		{31391F2A-FE1A-4A08-9E87-6B56E2927C18}.Release|x64.ActiveCfg = Release|Any CPU
		{31391F2A-FE1A-4A08-9E87-6B56E2927C18}.Release|x64.Build.0 = Release|Any CPU
		{31391F2A-FE1A-4A08-9E87-6B56E2927C18}.Release|x86.ActiveCfg = Release|Any CPU
		{31391F2A-FE1A-4A08-9E87-6B56E2927C18}.Release|x86.Build.0 = Release|Any CPU
		{1357F8DA-10B3-4925-BEBF-1ABE239C951A}.Debug|Any CPU.ActiveCfg = Debug|Any CPU
		{1357F8DA-10B3-4925-BEBF-1ABE239C951A}.Debug|Any CPU.Build.0 = Debug|Any CPU
		{1357F8DA-10B3-4925-BEBF-1ABE239C951A}.Debug|x64.ActiveCfg = Debug|Any CPU
		{1357F8DA-10B3-4925-BEBF-1ABE239C951A}.Debug|x64.Build.0 = Debug|Any CPU
		{1357F8DA-10B3-4925-BEBF-1ABE239C951A}.Debug|x86.ActiveCfg = Debug|Any CPU
		{1357F8DA-10B3-4925-BEBF-1ABE239C951A}.Debug|x86.Build.0 = Debug|Any CPU
		{1357F8DA-10B3-4925-BEBF-1ABE239C951A}.Release|Any CPU.ActiveCfg = Release|Any CPU
		{1357F8DA-10B3-4925-BEBF-1ABE239C951A}.Release|Any CPU.Build.0 = Release|Any CPU
		{1357F8DA-10B3-4925-BEBF-1ABE239C951A}.Release|x64.ActiveCfg = Release|Any CPU
		{1357F8DA-10B3-4925-BEBF-1ABE239C951A}.Release|x64.Build.0 = Release|Any CPU
		{1357F8DA-10B3-4925-BEBF-1ABE239C951A}.Release|x86.ActiveCfg = Release|Any CPU
		{1357F8DA-10B3-4925-BEBF-1ABE239C951A}.Release|x86.Build.0 = Release|Any CPU
		{4F2D5D81-A538-4CE5-AC0A-4289247B231C}.Debug|Any CPU.ActiveCfg = Debug|Any CPU
		{4F2D5D81-A538-4CE5-AC0A-4289247B231C}.Debug|Any CPU.Build.0 = Debug|Any CPU
		{4F2D5D81-A538-4CE5-AC0A-4289247B231C}.Debug|x64.ActiveCfg = Debug|Any CPU
		{4F2D5D81-A538-4CE5-AC0A-4289247B231C}.Debug|x64.Build.0 = Debug|Any CPU
		{4F2D5D81-A538-4CE5-AC0A-4289247B231C}.Debug|x86.ActiveCfg = Debug|Any CPU
		{4F2D5D81-A538-4CE5-AC0A-4289247B231C}.Debug|x86.Build.0 = Debug|Any CPU
		{4F2D5D81-A538-4CE5-AC0A-4289247B231C}.Release|Any CPU.ActiveCfg = Release|Any CPU
		{4F2D5D81-A538-4CE5-AC0A-4289247B231C}.Release|Any CPU.Build.0 = Release|Any CPU
		{4F2D5D81-A538-4CE5-AC0A-4289247B231C}.Release|x64.ActiveCfg = Release|Any CPU
		{4F2D5D81-A538-4CE5-AC0A-4289247B231C}.Release|x64.Build.0 = Release|Any CPU
		{4F2D5D81-A538-4CE5-AC0A-4289247B231C}.Release|x86.ActiveCfg = Release|Any CPU
		{4F2D5D81-A538-4CE5-AC0A-4289247B231C}.Release|x86.Build.0 = Release|Any CPU
		{BEB3A4CC-99BA-4CE5-B945-3A5B57962022}.Debug|Any CPU.ActiveCfg = Debug|Any CPU
		{BEB3A4CC-99BA-4CE5-B945-3A5B57962022}.Debug|Any CPU.Build.0 = Debug|Any CPU
		{BEB3A4CC-99BA-4CE5-B945-3A5B57962022}.Debug|x64.ActiveCfg = Debug|Any CPU
		{BEB3A4CC-99BA-4CE5-B945-3A5B57962022}.Debug|x64.Build.0 = Debug|Any CPU
		{BEB3A4CC-99BA-4CE5-B945-3A5B57962022}.Debug|x86.ActiveCfg = Debug|Any CPU
		{BEB3A4CC-99BA-4CE5-B945-3A5B57962022}.Debug|x86.Build.0 = Debug|Any CPU
		{BEB3A4CC-99BA-4CE5-B945-3A5B57962022}.Release|Any CPU.ActiveCfg = Release|Any CPU
		{BEB3A4CC-99BA-4CE5-B945-3A5B57962022}.Release|Any CPU.Build.0 = Release|Any CPU
		{BEB3A4CC-99BA-4CE5-B945-3A5B57962022}.Release|x64.ActiveCfg = Release|Any CPU
		{BEB3A4CC-99BA-4CE5-B945-3A5B57962022}.Release|x64.Build.0 = Release|Any CPU
		{BEB3A4CC-99BA-4CE5-B945-3A5B57962022}.Release|x86.ActiveCfg = Release|Any CPU
		{BEB3A4CC-99BA-4CE5-B945-3A5B57962022}.Release|x86.Build.0 = Release|Any CPU
		{AD6E3049-7D57-4734-BD8F-C69132F959CC}.Debug|Any CPU.ActiveCfg = Debug|Any CPU
		{AD6E3049-7D57-4734-BD8F-C69132F959CC}.Debug|Any CPU.Build.0 = Debug|Any CPU
		{AD6E3049-7D57-4734-BD8F-C69132F959CC}.Debug|x64.ActiveCfg = Debug|Any CPU
		{AD6E3049-7D57-4734-BD8F-C69132F959CC}.Debug|x64.Build.0 = Debug|Any CPU
		{AD6E3049-7D57-4734-BD8F-C69132F959CC}.Debug|x86.ActiveCfg = Debug|Any CPU
		{AD6E3049-7D57-4734-BD8F-C69132F959CC}.Debug|x86.Build.0 = Debug|Any CPU
		{AD6E3049-7D57-4734-BD8F-C69132F959CC}.Release|Any CPU.ActiveCfg = Release|Any CPU
		{AD6E3049-7D57-4734-BD8F-C69132F959CC}.Release|Any CPU.Build.0 = Release|Any CPU
		{AD6E3049-7D57-4734-BD8F-C69132F959CC}.Release|x64.ActiveCfg = Release|Any CPU
		{AD6E3049-7D57-4734-BD8F-C69132F959CC}.Release|x64.Build.0 = Release|Any CPU
		{AD6E3049-7D57-4734-BD8F-C69132F959CC}.Release|x86.ActiveCfg = Release|Any CPU
		{AD6E3049-7D57-4734-BD8F-C69132F959CC}.Release|x86.Build.0 = Release|Any CPU
		{D3A3D784-2EAD-4211-BE44-17BD7DC384C2}.Debug|Any CPU.ActiveCfg = Debug|Any CPU
		{D3A3D784-2EAD-4211-BE44-17BD7DC384C2}.Debug|Any CPU.Build.0 = Debug|Any CPU
		{D3A3D784-2EAD-4211-BE44-17BD7DC384C2}.Debug|x64.ActiveCfg = Debug|Any CPU
		{D3A3D784-2EAD-4211-BE44-17BD7DC384C2}.Debug|x64.Build.0 = Debug|Any CPU
		{D3A3D784-2EAD-4211-BE44-17BD7DC384C2}.Debug|x86.ActiveCfg = Debug|Any CPU
		{D3A3D784-2EAD-4211-BE44-17BD7DC384C2}.Debug|x86.Build.0 = Debug|Any CPU
		{D3A3D784-2EAD-4211-BE44-17BD7DC384C2}.Release|Any CPU.ActiveCfg = Release|Any CPU
		{D3A3D784-2EAD-4211-BE44-17BD7DC384C2}.Release|Any CPU.Build.0 = Release|Any CPU
		{D3A3D784-2EAD-4211-BE44-17BD7DC384C2}.Release|x64.ActiveCfg = Release|Any CPU
		{D3A3D784-2EAD-4211-BE44-17BD7DC384C2}.Release|x64.Build.0 = Release|Any CPU
		{D3A3D784-2EAD-4211-BE44-17BD7DC384C2}.Release|x86.ActiveCfg = Release|Any CPU
		{D3A3D784-2EAD-4211-BE44-17BD7DC384C2}.Release|x86.Build.0 = Release|Any CPU
		{EA73CB0A-EF49-41DF-A13C-C4C2D4C2EB83}.Debug|Any CPU.ActiveCfg = Debug|Any CPU
		{EA73CB0A-EF49-41DF-A13C-C4C2D4C2EB83}.Debug|Any CPU.Build.0 = Debug|Any CPU
		{EA73CB0A-EF49-41DF-A13C-C4C2D4C2EB83}.Debug|x64.ActiveCfg = Debug|Any CPU
		{EA73CB0A-EF49-41DF-A13C-C4C2D4C2EB83}.Debug|x64.Build.0 = Debug|Any CPU
		{EA73CB0A-EF49-41DF-A13C-C4C2D4C2EB83}.Debug|x86.ActiveCfg = Debug|Any CPU
		{EA73CB0A-EF49-41DF-A13C-C4C2D4C2EB83}.Debug|x86.Build.0 = Debug|Any CPU
		{EA73CB0A-EF49-41DF-A13C-C4C2D4C2EB83}.Release|Any CPU.ActiveCfg = Release|Any CPU
		{EA73CB0A-EF49-41DF-A13C-C4C2D4C2EB83}.Release|Any CPU.Build.0 = Release|Any CPU
		{EA73CB0A-EF49-41DF-A13C-C4C2D4C2EB83}.Release|x64.ActiveCfg = Release|Any CPU
		{EA73CB0A-EF49-41DF-A13C-C4C2D4C2EB83}.Release|x64.Build.0 = Release|Any CPU
		{EA73CB0A-EF49-41DF-A13C-C4C2D4C2EB83}.Release|x86.ActiveCfg = Release|Any CPU
		{EA73CB0A-EF49-41DF-A13C-C4C2D4C2EB83}.Release|x86.Build.0 = Release|Any CPU
		{86741636-5BE3-4E1A-AE29-6CA85BD78AF5}.Debug|Any CPU.ActiveCfg = Debug|Any CPU
		{86741636-5BE3-4E1A-AE29-6CA85BD78AF5}.Debug|Any CPU.Build.0 = Debug|Any CPU
		{86741636-5BE3-4E1A-AE29-6CA85BD78AF5}.Debug|x64.ActiveCfg = Debug|Any CPU
		{86741636-5BE3-4E1A-AE29-6CA85BD78AF5}.Debug|x64.Build.0 = Debug|Any CPU
		{86741636-5BE3-4E1A-AE29-6CA85BD78AF5}.Debug|x86.ActiveCfg = Debug|Any CPU
		{86741636-5BE3-4E1A-AE29-6CA85BD78AF5}.Debug|x86.Build.0 = Debug|Any CPU
		{86741636-5BE3-4E1A-AE29-6CA85BD78AF5}.Release|Any CPU.ActiveCfg = Release|Any CPU
		{86741636-5BE3-4E1A-AE29-6CA85BD78AF5}.Release|Any CPU.Build.0 = Release|Any CPU
		{86741636-5BE3-4E1A-AE29-6CA85BD78AF5}.Release|x64.ActiveCfg = Release|Any CPU
		{86741636-5BE3-4E1A-AE29-6CA85BD78AF5}.Release|x64.Build.0 = Release|Any CPU
		{86741636-5BE3-4E1A-AE29-6CA85BD78AF5}.Release|x86.ActiveCfg = Release|Any CPU
		{86741636-5BE3-4E1A-AE29-6CA85BD78AF5}.Release|x86.Build.0 = Release|Any CPU
		{27AA52E4-DCA9-46C6-BE32-EBA2619D73E7}.Debug|Any CPU.ActiveCfg = Debug|Any CPU
		{27AA52E4-DCA9-46C6-BE32-EBA2619D73E7}.Debug|Any CPU.Build.0 = Debug|Any CPU
		{27AA52E4-DCA9-46C6-BE32-EBA2619D73E7}.Debug|x64.ActiveCfg = Debug|Any CPU
		{27AA52E4-DCA9-46C6-BE32-EBA2619D73E7}.Debug|x64.Build.0 = Debug|Any CPU
		{27AA52E4-DCA9-46C6-BE32-EBA2619D73E7}.Debug|x86.ActiveCfg = Debug|Any CPU
		{27AA52E4-DCA9-46C6-BE32-EBA2619D73E7}.Debug|x86.Build.0 = Debug|Any CPU
		{27AA52E4-DCA9-46C6-BE32-EBA2619D73E7}.Release|Any CPU.ActiveCfg = Release|Any CPU
		{27AA52E4-DCA9-46C6-BE32-EBA2619D73E7}.Release|Any CPU.Build.0 = Release|Any CPU
		{27AA52E4-DCA9-46C6-BE32-EBA2619D73E7}.Release|x64.ActiveCfg = Release|Any CPU
		{27AA52E4-DCA9-46C6-BE32-EBA2619D73E7}.Release|x64.Build.0 = Release|Any CPU
		{27AA52E4-DCA9-46C6-BE32-EBA2619D73E7}.Release|x86.ActiveCfg = Release|Any CPU
		{27AA52E4-DCA9-46C6-BE32-EBA2619D73E7}.Release|x86.Build.0 = Release|Any CPU
		{0B1BEF19-A20D-4D89-A207-716C59228603}.Debug|Any CPU.ActiveCfg = Debug|Any CPU
		{0B1BEF19-A20D-4D89-A207-716C59228603}.Debug|Any CPU.Build.0 = Debug|Any CPU
		{0B1BEF19-A20D-4D89-A207-716C59228603}.Debug|x64.ActiveCfg = Debug|Any CPU
		{0B1BEF19-A20D-4D89-A207-716C59228603}.Debug|x64.Build.0 = Debug|Any CPU
		{0B1BEF19-A20D-4D89-A207-716C59228603}.Debug|x86.ActiveCfg = Debug|Any CPU
		{0B1BEF19-A20D-4D89-A207-716C59228603}.Debug|x86.Build.0 = Debug|Any CPU
		{0B1BEF19-A20D-4D89-A207-716C59228603}.Release|Any CPU.ActiveCfg = Release|Any CPU
		{0B1BEF19-A20D-4D89-A207-716C59228603}.Release|Any CPU.Build.0 = Release|Any CPU
		{0B1BEF19-A20D-4D89-A207-716C59228603}.Release|x64.ActiveCfg = Release|Any CPU
		{0B1BEF19-A20D-4D89-A207-716C59228603}.Release|x64.Build.0 = Release|Any CPU
		{0B1BEF19-A20D-4D89-A207-716C59228603}.Release|x86.ActiveCfg = Release|Any CPU
		{0B1BEF19-A20D-4D89-A207-716C59228603}.Release|x86.Build.0 = Release|Any CPU
		{EFE01332-7B07-4169-8FB7-70C3B948B934}.Debug|Any CPU.ActiveCfg = Debug|Any CPU
		{EFE01332-7B07-4169-8FB7-70C3B948B934}.Debug|Any CPU.Build.0 = Debug|Any CPU
		{EFE01332-7B07-4169-8FB7-70C3B948B934}.Debug|x64.ActiveCfg = Debug|Any CPU
		{EFE01332-7B07-4169-8FB7-70C3B948B934}.Debug|x64.Build.0 = Debug|Any CPU
		{EFE01332-7B07-4169-8FB7-70C3B948B934}.Debug|x86.ActiveCfg = Debug|Any CPU
		{EFE01332-7B07-4169-8FB7-70C3B948B934}.Debug|x86.Build.0 = Debug|Any CPU
		{EFE01332-7B07-4169-8FB7-70C3B948B934}.Release|Any CPU.ActiveCfg = Release|Any CPU
		{EFE01332-7B07-4169-8FB7-70C3B948B934}.Release|Any CPU.Build.0 = Release|Any CPU
		{EFE01332-7B07-4169-8FB7-70C3B948B934}.Release|x64.ActiveCfg = Release|Any CPU
		{EFE01332-7B07-4169-8FB7-70C3B948B934}.Release|x64.Build.0 = Release|Any CPU
		{EFE01332-7B07-4169-8FB7-70C3B948B934}.Release|x86.ActiveCfg = Release|Any CPU
		{EFE01332-7B07-4169-8FB7-70C3B948B934}.Release|x86.Build.0 = Release|Any CPU
	EndGlobalSection
	GlobalSection(SolutionProperties) = preSolution
		HideSolutionNode = FALSE
	EndGlobalSection
	GlobalSection(NestedProjects) = preSolution
		{1CADF828-8F70-4A57-9573-D8AFD4082FD3} = {01FEC711-9F75-4D0C-8675-19927808A35D}
		{5FE5A56E-B782-460D-B6D7-CA893ACFD4CF} = {01FEC711-9F75-4D0C-8675-19927808A35D}
		{B1B81646-57B4-41CE-A63E-25321096FA31} = {01FEC711-9F75-4D0C-8675-19927808A35D}
		{31391F2A-FE1A-4A08-9E87-6B56E2927C18} = {468426AC-176E-4D83-8FF4-971D5324FBD8}
		{1357F8DA-10B3-4925-BEBF-1ABE239C951A} = {468426AC-176E-4D83-8FF4-971D5324FBD8}
		{4F2D5D81-A538-4CE5-AC0A-4289247B231C} = {468426AC-176E-4D83-8FF4-971D5324FBD8}
		{BEB3A4CC-99BA-4CE5-B945-3A5B57962022} = {468426AC-176E-4D83-8FF4-971D5324FBD8}
		{AD6E3049-7D57-4734-BD8F-C69132F959CC} = {01FEC711-9F75-4D0C-8675-19927808A35D}
		{D3A3D784-2EAD-4211-BE44-17BD7DC384C2} = {01FEC711-9F75-4D0C-8675-19927808A35D}
		{EA73CB0A-EF49-41DF-A13C-C4C2D4C2EB83} = {468426AC-176E-4D83-8FF4-971D5324FBD8}
		{86741636-5BE3-4E1A-AE29-6CA85BD78AF5} = {01FEC711-9F75-4D0C-8675-19927808A35D}
		{27AA52E4-DCA9-46C6-BE32-EBA2619D73E7} = {01FEC711-9F75-4D0C-8675-19927808A35D}
		{0B1BEF19-A20D-4D89-A207-716C59228603} = {01FEC711-9F75-4D0C-8675-19927808A35D}
		{EFE01332-7B07-4169-8FB7-70C3B948B934} = {468426AC-176E-4D83-8FF4-971D5324FBD8}
	EndGlobalSection
EndGlobal
